
Microsoft Visual Studio Solution File, Format Version 12.00
# Visual Studio Version 17
VisualStudioVersion = 17.7.34031.279
MinimumVisualStudioVersion = 10.0.40219.1
Project("{FAE04EC0-301F-11D3-BF4B-00C04F79EFBC}") = "Sup2Marché", "Sup2Marché\Sup2Marché.csproj", "{9F1F34FE-4F23-485B-AB02-5EAF0C0C85FE}"
EndProject
Global
	GlobalSection(SolutionConfigurationPlatforms) = preSolution
		Debug|Any CPU = Debug|Any CPU
		Release|Any CPU = Release|Any CPU
	EndGlobalSection
	GlobalSection(ProjectConfigurationPlatforms) = postSolution
		{9F1F34FE-4F23-485B-AB02-5EAF0C0C85FE}.Debug|Any CPU.ActiveCfg = Debug|Any CPU
		{9F1F34FE-4F23-485B-AB02-5EAF0C0C85FE}.Debug|Any CPU.Build.0 = Debug|Any CPU
		{9F1F34FE-4F23-485B-AB02-5EAF0C0C85FE}.Release|Any CPU.ActiveCfg = Release|Any CPU
		{9F1F34FE-4F23-485B-AB02-5EAF0C0C85FE}.Release|Any CPU.Build.0 = Release|Any CPU
	EndGlobalSection
	GlobalSection(SolutionProperties) = preSolution
		HideSolutionNode = FALSE
	EndGlobalSection
	GlobalSection(ExtensibilityGlobals) = postSolution
		SolutionGuid = {0E49D003-20D9-4655-BA93-EF9BC92B9B17}
	EndGlobalSection
EndGlobal
